// !$*UTF8*$!
{
	archiveVersion = 1;
	classes = {
	};
	objectVersion = 46;
	objects = {

/* Begin PBXBuildFile section */
		1EC83C6B1A74212600A487DD /* Current.swift in Sources */ = {isa = PBXBuildFile; fileRef = 1EC83C6A1A74212600A487DD /* Current.swift */; };
		1ECE89321A732B15008F5B70 /* AppDelegate.swift in Sources */ = {isa = PBXBuildFile; fileRef = 1ECE89311A732B15008F5B70 /* AppDelegate.swift */; };
		1ECE89341A732B15008F5B70 /* ViewController.swift in Sources */ = {isa = PBXBuildFile; fileRef = 1ECE89331A732B15008F5B70 /* ViewController.swift */; };
		1ECE89371A732B15008F5B70 /* Main.storyboard in Resources */ = {isa = PBXBuildFile; fileRef = 1ECE89351A732B15008F5B70 /* Main.storyboard */; };
		1ECE89391A732B15008F5B70 /* Images.xcassets in Resources */ = {isa = PBXBuildFile; fileRef = 1ECE89381A732B15008F5B70 /* Images.xcassets */; };
		1ECE893C1A732B15008F5B70 /* LaunchScreen.xib in Resources */ = {isa = PBXBuildFile; fileRef = 1ECE893A1A732B15008F5B70 /* LaunchScreen.xib */; };
		1ECE89481A732B16008F5B70 /* StormyTests.swift in Sources */ = {isa = PBXBuildFile; fileRef = 1ECE89471A732B16008F5B70 /* StormyTests.swift */; };
/* End PBXBuildFile section */

/* Begin PBXContainerItemProxy section */
		1ECE89421A732B16008F5B70 /* PBXContainerItemProxy */ = {
			isa = PBXContainerItemProxy;
			containerPortal = 1ECE89241A732B15008F5B70 /* Project object */;
			proxyType = 1;
			remoteGlobalIDString = 1ECE892B1A732B15008F5B70;
			remoteInfo = Stormy;
		};
/* End PBXContainerItemProxy section */

/* Begin PBXFileReference section */
		1EC83C6A1A74212600A487DD /* Current.swift */ = {isa = PBXFileReference; fileEncoding = 4; lastKnownFileType = sourcecode.swift; path = Current.swift; sourceTree = "<group>"; };
		1ECE892C1A732B15008F5B70 /* Stormy.app */ = {isa = PBXFileReference; explicitFileType = wrapper.application; includeInIndex = 0; path = Stormy.app; sourceTree = BUILT_PRODUCTS_DIR; };
		1ECE89301A732B15008F5B70 /* Info.plist */ = {isa = PBXFileReference; lastKnownFileType = text.plist.xml; path = Info.plist; sourceTree = "<group>"; };
		1ECE89311A732B15008F5B70 /* AppDelegate.swift */ = {isa = PBXFileReference; lastKnownFileType = sourcecode.swift; path = AppDelegate.swift; sourceTree = "<group>"; };
		1ECE89331A732B15008F5B70 /* ViewController.swift */ = {isa = PBXFileReference; lastKnownFileType = sourcecode.swift; path = ViewController.swift; sourceTree = "<group>"; };
		1ECE89361A732B15008F5B70 /* Base */ = {isa = PBXFileReference; lastKnownFileType = file.storyboard; name = Base; path = Base.lproj/Main.storyboard; sourceTree = "<group>"; };
		1ECE89381A732B15008F5B70 /* Images.xcassets */ = {isa = PBXFileReference; lastKnownFileType = folder.assetcatalog; path = Images.xcassets; sourceTree = "<group>"; };
		1ECE893B1A732B15008F5B70 /* Base */ = {isa = PBXFileReference; lastKnownFileType = file.xib; name = Base; path = Base.lproj/LaunchScreen.xib; sourceTree = "<group>"; };
		1ECE89411A732B16008F5B70 /* StormyTests.xctest */ = {isa = PBXFileReference; explicitFileType = wrapper.cfbundle; includeInIndex = 0; path = StormyTests.xctest; sourceTree = BUILT_PRODUCTS_DIR; };
		1ECE89461A732B16008F5B70 /* Info.plist */ = {isa = PBXFileReference; lastKnownFileType = text.plist.xml; path = Info.plist; sourceTree = "<group>"; };
		1ECE89471A732B16008F5B70 /* StormyTests.swift */ = {isa = PBXFileReference; lastKnownFileType = sourcecode.swift; path = StormyTests.swift; sourceTree = "<group>"; };
/* End PBXFileReference section */

/* Begin PBXFrameworksBuildPhase section */
		1ECE89291A732B15008F5B70 /* Frameworks */ = {
			isa = PBXFrameworksBuildPhase;
			buildActionMask = 2147483647;
			files = (
			);
			runOnlyForDeploymentPostprocessing = 0;
		};
		1ECE893E1A732B16008F5B70 /* Frameworks */ = {
			isa = PBXFrameworksBuildPhase;
			buildActionMask = 2147483647;
			files = (
			);
			runOnlyForDeploymentPostprocessing = 0;
		};
/* End PBXFrameworksBuildPhase section */

/* Begin PBXGroup section */
		1ECE89231A732B15008F5B70 = {
			isa = PBXGroup;
			children = (
				1ECE892E1A732B15008F5B70 /* Stormy */,
				1ECE89441A732B16008F5B70 /* StormyTests */,
				1ECE892D1A732B15008F5B70 /* Products */,
			);
			sourceTree = "<group>";
		};
		1ECE892D1A732B15008F5B70 /* Products */ = {
			isa = PBXGroup;
			children = (
				1ECE892C1A732B15008F5B70 /* Stormy.app */,
				1ECE89411A732B16008F5B70 /* StormyTests.xctest */,
			);
			name = Products;
			sourceTree = "<group>";
		};
		1ECE892E1A732B15008F5B70 /* Stormy */ = {
			isa = PBXGroup;
			children = (
				1ECE89311A732B15008F5B70 /* AppDelegate.swift */,
				1ECE89331A732B15008F5B70 /* ViewController.swift */,
				1EC83C6A1A74212600A487DD /* Current.swift */,
				1ECE89351A732B15008F5B70 /* Main.storyboard */,
				1ECE89381A732B15008F5B70 /* Images.xcassets */,
				1ECE893A1A732B15008F5B70 /* LaunchScreen.xib */,
				1ECE892F1A732B15008F5B70 /* Supporting Files */,
			);
			path = Stormy;
			sourceTree = "<group>";
		};
		1ECE892F1A732B15008F5B70 /* Supporting Files */ = {
			isa = PBXGroup;
			children = (
				1ECE89301A732B15008F5B70 /* Info.plist */,
			);
			name = "Supporting Files";
			sourceTree = "<group>";
		};
		1ECE89441A732B16008F5B70 /* StormyTests */ = {
			isa = PBXGroup;
			children = (
				1ECE89471A732B16008F5B70 /* StormyTests.swift */,
				1ECE89451A732B16008F5B70 /* Supporting Files */,
			);
			path = StormyTests;
			sourceTree = "<group>";
		};
		1ECE89451A732B16008F5B70 /* Supporting Files */ = {
			isa = PBXGroup;
			children = (
				1ECE89461A732B16008F5B70 /* Info.plist */,
			);
			name = "Supporting Files";
			sourceTree = "<group>";
		};
/* End PBXGroup section */

/* Begin PBXNativeTarget section */
		1ECE892B1A732B15008F5B70 /* Stormy */ = {
			isa = PBXNativeTarget;
			buildConfigurationList = 1ECE894B1A732B16008F5B70 /* Build configuration list for PBXNativeTarget "Stormy" */;
			buildPhases = (
				1ECE89281A732B15008F5B70 /* Sources */,
				1ECE89291A732B15008F5B70 /* Frameworks */,
				1ECE892A1A732B15008F5B70 /* Resources */,
			);
			buildRules = (
			);
			dependencies = (
			);
			name = Stormy;
			productName = Stormy;
			productReference = 1ECE892C1A732B15008F5B70 /* Stormy.app */;
			productType = "com.apple.product-type.application";
		};
		1ECE89401A732B16008F5B70 /* StormyTests */ = {
			isa = PBXNativeTarget;
			buildConfigurationList = 1ECE894E1A732B16008F5B70 /* Build configuration list for PBXNativeTarget "StormyTests" */;
			buildPhases = (
				1ECE893D1A732B16008F5B70 /* Sources */,
				1ECE893E1A732B16008F5B70 /* Frameworks */,
				1ECE893F1A732B16008F5B70 /* Resources */,
			);
			buildRules = (
			);
			dependencies = (
				1ECE89431A732B16008F5B70 /* PBXTargetDependency */,
			);
			name = StormyTests;
			productName = StormyTests;
			productReference = 1ECE89411A732B16008F5B70 /* StormyTests.xctest */;
			productType = "com.apple.product-type.bundle.unit-test";
		};
/* End PBXNativeTarget section */

/* Begin PBXProject section */
		1ECE89241A732B15008F5B70 /* Project object */ = {
			isa = PBXProject;
			attributes = {
				LastUpgradeCheck = 0610;
				ORGANIZATIONNAME = "Big Dog Consultants Ltd";
				TargetAttributes = {
					1ECE892B1A732B15008F5B70 = {
						CreatedOnToolsVersion = 6.1.1;
					};
					1ECE89401A732B16008F5B70 = {
						CreatedOnToolsVersion = 6.1.1;
						TestTargetID = 1ECE892B1A732B15008F5B70;
					};
				};
			};
			buildConfigurationList = 1ECE89271A732B15008F5B70 /* Build configuration list for PBXProject "Stormy" */;
			compatibilityVersion = "Xcode 3.2";
			developmentRegion = English;
			hasScannedForEncodings = 0;
			knownRegions = (
				en,
				Base,
			);
			mainGroup = 1ECE89231A732B15008F5B70;
			productRefGroup = 1ECE892D1A732B15008F5B70 /* Products */;
			projectDirPath = "";
			projectRoot = "";
			targets = (
				1ECE892B1A732B15008F5B70 /* Stormy */,
				1ECE89401A732B16008F5B70 /* StormyTests */,
			);
		};
/* End PBXProject section */

/* Begin PBXResourcesBuildPhase section */
		1ECE892A1A732B15008F5B70 /* Resources */ = {
			isa = PBXResourcesBuildPhase;
			buildActionMask = 2147483647;
			files = (
				1ECE89371A732B15008F5B70 /* Main.storyboard in Resources */,
				1ECE893C1A732B15008F5B70 /* LaunchScreen.xib in Resources */,
				1ECE89391A732B15008F5B70 /* Images.xcassets in Resources */,
			);
			runOnlyForDeploymentPostprocessing = 0;
		};
		1ECE893F1A732B16008F5B70 /* Resources */ = {
			isa = PBXResourcesBuildPhase;
			buildActionMask = 2147483647;
			files = (
			);
			runOnlyForDeploymentPostprocessing = 0;
		};
/* End PBXResourcesBuildPhase section */

/* Begin PBXSourcesBuildPhase section */
		1ECE89281A732B15008F5B70 /* Sources */ = {
			isa = PBXSourcesBuildPhase;
			buildActionMask = 2147483647;
			files = (
				1EC83C6B1A74212600A487DD /* Current.swift in Sources */,
				1ECE89341A732B15008F5B70 /* ViewController.swift in Sources */,
				1ECE89321A732B15008F5B70 /* AppDelegate.swift in Sources */,
			);
			runOnlyForDeploymentPostprocessing = 0;
		};
		1ECE893D1A732B16008F5B70 /* Sources */ = {
			isa = PBXSourcesBuildPhase;
			buildActionMask = 2147483647;
			files = (
				1ECE89481A732B16008F5B70 /* StormyTests.swift in Sources */,
			);
			runOnlyForDeploymentPostprocessing = 0;
		};
/* End PBXSourcesBuildPhase section */

/* Begin PBXTargetDependency section */
		1ECE89431A732B16008F5B70 /* PBXTargetDependency */ = {
			isa = PBXTargetDependency;
			target = 1ECE892B1A732B15008F5B70 /* Stormy */;
			targetProxy = 1ECE89421A732B16008F5B70 /* PBXContainerItemProxy */;
		};
/* End PBXTargetDependency section */

/* Begin PBXVariantGroup section */
		1ECE89351A732B15008F5B70 /* Main.storyboard */ = {
			isa = PBXVariantGroup;
			children = (
				1ECE89361A732B15008F5B70 /* Base */,
			);
			name = Main.storyboard;
			sourceTree = "<group>";
		};
		1ECE893A1A732B15008F5B70 /* LaunchScreen.xib */ = {
			isa = PBXVariantGroup;
			children = (
				1ECE893B1A732B15008F5B70 /* Base */,
			);
			name = LaunchScreen.xib;
			sourceTree = "<group>";
		};
/* End PBXVariantGroup section */

/* Begin XCBuildConfiguration section */
		1ECE89491A732B16008F5B70 /* Debug */ = {
			isa = XCBuildConfiguration;
			buildSettings = {
				ALWAYS_SEARCH_USER_PATHS = NO;
				CLANG_CXX_LANGUAGE_STANDARD = "gnu++0x";
				CLANG_CXX_LIBRARY = "libc++";
				CLANG_ENABLE_MODULES = YES;
				CLANG_ENABLE_OBJC_ARC = YES;
				CLANG_WARN_BOOL_CONVERSION = YES;
				CLANG_WARN_CONSTANT_CONVERSION = YES;
				CLANG_WARN_DIRECT_OBJC_ISA_USAGE = YES_ERROR;
				CLANG_WARN_EMPTY_BODY = YES;
				CLANG_WARN_ENUM_CONVERSION = YES;
				CLANG_WARN_INT_CONVERSION = YES;
				CLANG_WARN_OBJC_ROOT_CLASS = YES_ERROR;
				CLANG_WARN_UNREACHABLE_CODE = YES;
				CLANG_WARN__DUPLICATE_METHOD_MATCH = YES;
				"CODE_SIGN_IDENTITY[sdk=iphoneos*]" = "iPhone Developer";
				COPY_PHASE_STRIP = NO;
				ENABLE_STRICT_OBJC_MSGSEND = YES;
				GCC_C_LANGUAGE_STANDARD = gnu99;
				GCC_DYNAMIC_NO_PIC = NO;
				GCC_OPTIMIZATION_LEVEL = 0;
				GCC_PREPROCESSOR_DEFINITIONS = (
					"DEBUG=1",
					"$(inherited)",
				);
				GCC_SYMBOLS_PRIVATE_EXTERN = NO;
				GCC_WARN_64_TO_32_BIT_CONVERSION = YES;
				GCC_WARN_ABOUT_RETURN_TYPE = YES_ERROR;
				GCC_WARN_UNDECLARED_SELECTOR = YES;
				GCC_WARN_UNINITIALIZED_AUTOS = YES_AGGRESSIVE;
				GCC_WARN_UNUSED_FUNCTION = YES;
				GCC_WARN_UNUSED_VARIABLE = YES;
				IPHONEOS_DEPLOYMENT_TARGET = 8.1;
				MTL_ENABLE_DEBUG_INFO = YES;
				ONLY_ACTIVE_ARCH = YES;
				SDKROOT = iphoneos;
				SWIFT_OPTIMIZATION_LEVEL = "-Onone";
			};
			name = Debug;
		};
		1ECE894A1A732B16008F5B70 /* Release */ = {
			isa = XCBuildConfiguration;
			buildSettings = {
				ALWAYS_SEARCH_USER_PATHS = NO;
				CLANG_CXX_LANGUAGE_STANDARD = "gnu++0x";
				CLANG_CXX_LIBRARY = "libc++";
				CLANG_ENABLE_MODULES = YES;
				CLANG_ENABLE_OBJC_ARC = YES;
				CLANG_WARN_BOOL_CONVERSION = YES;
				CLANG_WARN_CONSTANT_CONVERSION = YES;
				CLANG_WARN_DIRECT_OBJC_ISA_USAGE = YES_ERROR;
				CLANG_WARN_EMPTY_BODY = YES;
				CLANG_WARN_ENUM_CONVERSION = YES;
				CLANG_WARN_INT_CONVERSION = YES;
				CLANG_WARN_OBJC_ROOT_CLASS = YES_ERROR;
				CLANG_WARN_UNREACHABLE_CODE = YES;
				CLANG_WARN__DUPLICATE_METHOD_MATCH = YES;
				"CODE_SIGN_IDENTITY[sdk=iphoneos*]" = "iPhone Developer";
				COPY_PHASE_STRIP = YES;
				ENABLE_NS_ASSERTIONS = NO;
				ENABLE_STRICT_OBJC_MSGSEND = YES;
				GCC_C_LANGUAGE_STANDARD = gnu99;
				GCC_WARN_64_TO_32_BIT_CONVERSION = YES;
				GCC_WARN_ABOUT_RETURN_TYPE = YES_ERROR;
				GCC_WARN_UNDECLARED_SELECTOR = YES;
				GCC_WARN_UNINITIALIZED_AUTOS = YES_AGGRESSIVE;
				GCC_WARN_UNUSED_FUNCTION = YES;
				GCC_WARN_UNUSED_VARIABLE = YES;
				IPHONEOS_DEPLOYMENT_TARGET = 8.1;
				MTL_ENABLE_DEBUG_INFO = NO;
				SDKROOT = iphoneos;
				VALIDATE_PRODUCT = YES;
			};
			name = Release;
		};
		1ECE894C1A732B16008F5B70 /* Debug */ = {
			isa = XCBuildConfiguration;
			buildSettings = {
				ASSETCATALOG_COMPILER_APPICON_NAME = AppIcon;
				INFOPLIST_FILE = Stormy/Info.plist;
				LD_RUNPATH_SEARCH_PATHS = "$(inherited) @executable_path/Frameworks";
				PRODUCT_NAME = "$(TARGET_NAME)";
			};
			name = Debug;
		};
		1ECE894D1A732B16008F5B70 /* Release */ = {
			isa = XCBuildConfiguration;
			buildSettings = {
				ASSETCATALOG_COMPILER_APPICON_NAME = AppIcon;
				INFOPLIST_FILE = Stormy/Info.plist;
				LD_RUNPATH_SEARCH_PATHS = "$(inherited) @executable_path/Frameworks";
				PRODUCT_NAME = "$(TARGET_NAME)";
			};
			name = Release;
		};
		1ECE894F1A732B16008F5B70 /* Debug */ = {
			isa = XCBuildConfiguration;
			buildSettings = {
				BUNDLE_LOADER = "$(TEST_HOST)";
				FRAMEWORK_SEARCH_PATHS = (
					"$(SDKROOT)/Developer/Library/Frameworks",
					"$(inherited)",
				);
				GCC_PREPROCESSOR_DEFINITIONS = (
					"DEBUG=1",
					"$(inherited)",
				);
				INFOPLIST_FILE = StormyTests/Info.plist;
				LD_RUNPATH_SEARCH_PATHS = "$(inherited) @executable_path/Frameworks @loader_path/Frameworks";
				PRODUCT_NAME = "$(TARGET_NAME)";
				TEST_HOST = "$(BUILT_PRODUCTS_DIR)/Stormy.app/Stormy";
			};
			name = Debug;
		};
		1ECE89501A732B16008F5B70 /* Release */ = {
			isa = XCBuildConfiguration;
			buildSettings = {
				BUNDLE_LOADER = "$(TEST_HOST)";
				FRAMEWORK_SEARCH_PATHS = (
					"$(SDKROOT)/Developer/Library/Frameworks",
					"$(inherited)",
				);
				INFOPLIST_FILE = StormyTests/Info.plist;
				LD_RUNPATH_SEARCH_PATHS = "$(inherited) @executable_path/Frameworks @loader_path/Frameworks";
				PRODUCT_NAME = "$(TARGET_NAME)";
				TEST_HOST = "$(BUILT_PRODUCTS_DIR)/Stormy.app/Stormy";
			};
			name = Release;
		};
/* End XCBuildConfiguration section */

/* Begin XCConfigurationList section */
		1ECE89271A732B15008F5B70 /* Build configuration list for PBXProject "Stormy" */ = {
			isa = XCConfigurationList;
			buildConfigurations = (
				1ECE89491A732B16008F5B70 /* Debug */,
				1ECE894A1A732B16008F5B70 /* Release */,
			);
			defaultConfigurationIsVisible = 0;
			defaultConfigurationName = Release;
		};
		1ECE894B1A732B16008F5B70 /* Build configuration list for PBXNativeTarget "Stormy" */ = {
			isa = XCConfigurationList;
			buildConfigurations = (
				1ECE894C1A732B16008F5B70 /* Debug */,
				1ECE894D1A732B16008F5B70 /* Release */,
			);
			defaultConfigurationIsVisible = 0;
			defaultConfigurationName = Release;
		};
		1ECE894E1A732B16008F5B70 /* Build configuration list for PBXNativeTarget "StormyTests" */ = {
			isa = XCConfigurationList;
			buildConfigurations = (
				1ECE894F1A732B16008F5B70 /* Debug */,
				1ECE89501A732B16008F5B70 /* Release */,
			);
			defaultConfigurationIsVisible = 0;
			defaultConfigurationName = Release;
		};
/* End XCConfigurationList section */
	};
	rootObject = 1ECE89241A732B15008F5B70 /* Project object */;
}
